
Microsoft Visual Studio Solution File, Format Version 12.00
# Visual Studio Version 16
VisualStudioVersion = 16.0.30503.244
MinimumVisualStudioVersion = 10.0.40219.1
Project("{FAE04EC0-301F-11D3-BF4B-00C04F79EFBC}") = "Matagujri", "Matagujri.csproj", "{77F4CF6E-5151-48B5-9314-56CF0471FA62}"
EndProject
Global
	GlobalSection(SolutionConfigurationPlatforms) = preSolution
		Debug|Any CPU = Debug|Any CPU
		Release|Any CPU = Release|Any CPU
	EndGlobalSection
	GlobalSection(ProjectConfigurationPlatforms) = postSolution
		{77F4CF6E-5151-48B5-9314-56CF0471FA62}.Debug|Any CPU.ActiveCfg = Debug|Any CPU
		{77F4CF6E-5151-48B5-9314-56CF0471FA62}.Debug|Any CPU.Build.0 = Debug|Any CPU
		{77F4CF6E-5151-48B5-9314-56CF0471FA62}.Release|Any CPU.ActiveCfg = Release|Any CPU
		{77F4CF6E-5151-48B5-9314-56CF0471FA62}.Release|Any CPU.Build.0 = Release|Any CPU
	EndGlobalSection
	GlobalSection(SolutionProperties) = preSolution
		HideSolutionNode = FALSE
	EndGlobalSection
	GlobalSection(ExtensibilityGlobals) = postSolution
		SolutionGuid = {19C732BB-A355-4637-9C62-ADD5AE0DD207}
	EndGlobalSection
EndGlobal
